
Microsoft Visual Studio Solution File, Format Version 12.00
# Visual Studio Version 17
VisualStudioVersion = 17.13.35919.96 d17.13
MinimumVisualStudioVersion = 10.0.40219.1
Project("{FAE04EC0-301F-11D3-BF4B-00C04F79EFBC}") = "LogicaNegocio", "LogicaNegocio\LogicaNegocio.csproj", "{C4114DBB-8E64-457E-B06D-2CD0170449DD}"
EndProject
Project("{FAE04EC0-301F-11D3-BF4B-00C04F79EFBC}") = "LogicaAplicacion", "LogicaAplicacion\LogicaAplicacion.csproj", "{F06E2950-9484-45C0-8AF8-B3F87E1390C5}"
EndProject
Project("{FAE04EC0-301F-11D3-BF4B-00C04F79EFBC}") = "LogicaAccesoDatos", "LogicaAccesoDatos\LogicaAccesoDatos.csproj", "{EBA7812B-5DC8-4258-B9C7-8F434F8CACD1}"
EndProject
Project("{FAE04EC0-301F-11D3-BF4B-00C04F79EFBC}") = "Compartido", "Compartido\Compartido.csproj", "{172245EF-0B29-49A3-94E9-F9BD6BCC9E49}"
EndProject
Project("{FAE04EC0-301F-11D3-BF4B-00C04F79EFBC}") = "MVC", "MVC\MVC.csproj", "{9CA09341-5B7F-43CD-A4BE-CA6CEF1FAF7C}"
EndProject
Global
	GlobalSection(SolutionConfigurationPlatforms) = preSolution
		Debug|Any CPU = Debug|Any CPU
		Release|Any CPU = Release|Any CPU
	EndGlobalSection
	GlobalSection(ProjectConfigurationPlatforms) = postSolution
		{C4114DBB-8E64-457E-B06D-2CD0170449DD}.Debug|Any CPU.ActiveCfg = Debug|Any CPU
		{C4114DBB-8E64-457E-B06D-2CD0170449DD}.Debug|Any CPU.Build.0 = Debug|Any CPU
		{C4114DBB-8E64-457E-B06D-2CD0170449DD}.Release|Any CPU.ActiveCfg = Release|Any CPU
		{C4114DBB-8E64-457E-B06D-2CD0170449DD}.Release|Any CPU.Build.0 = Release|Any CPU
		{F06E2950-9484-45C0-8AF8-B3F87E1390C5}.Debug|Any CPU.ActiveCfg = Debug|Any CPU
		{F06E2950-9484-45C0-8AF8-B3F87E1390C5}.Debug|Any CPU.Build.0 = Debug|Any CPU
		{F06E2950-9484-45C0-8AF8-B3F87E1390C5}.Release|Any CPU.ActiveCfg = Release|Any CPU
		{F06E2950-9484-45C0-8AF8-B3F87E1390C5}.Release|Any CPU.Build.0 = Release|Any CPU
		{EBA7812B-5DC8-4258-B9C7-8F434F8CACD1}.Debug|Any CPU.ActiveCfg = Debug|Any CPU
		{EBA7812B-5DC8-4258-B9C7-8F434F8CACD1}.Debug|Any CPU.Build.0 = Debug|Any CPU
		{EBA7812B-5DC8-4258-B9C7-8F434F8CACD1}.Release|Any CPU.ActiveCfg = Release|Any CPU
		{EBA7812B-5DC8-4258-B9C7-8F434F8CACD1}.Release|Any CPU.Build.0 = Release|Any CPU
		{172245EF-0B29-49A3-94E9-F9BD6BCC9E49}.Debug|Any CPU.ActiveCfg = Debug|Any CPU
		{172245EF-0B29-49A3-94E9-F9BD6BCC9E49}.Debug|Any CPU.Build.0 = Debug|Any CPU
		{172245EF-0B29-49A3-94E9-F9BD6BCC9E49}.Release|Any CPU.ActiveCfg = Release|Any CPU
		{172245EF-0B29-49A3-94E9-F9BD6BCC9E49}.Release|Any CPU.Build.0 = Release|Any CPU
		{9CA09341-5B7F-43CD-A4BE-CA6CEF1FAF7C}.Debug|Any CPU.ActiveCfg = Debug|Any CPU
		{9CA09341-5B7F-43CD-A4BE-CA6CEF1FAF7C}.Debug|Any CPU.Build.0 = Debug|Any CPU
		{9CA09341-5B7F-43CD-A4BE-CA6CEF1FAF7C}.Release|Any CPU.ActiveCfg = Release|Any CPU
		{9CA09341-5B7F-43CD-A4BE-CA6CEF1FAF7C}.Release|Any CPU.Build.0 = Release|Any CPU
	EndGlobalSection
	GlobalSection(SolutionProperties) = preSolution
		HideSolutionNode = FALSE
	EndGlobalSection
	GlobalSection(ExtensibilityGlobals) = postSolution
		SolutionGuid = {73E8AF05-1AD6-4B7A-948E-EC92725A0BB8}
	EndGlobalSection
EndGlobal
